// !$*UTF8*$!
{
	archiveVersion = 1;
	classes = {
	};
	objectVersion = 56;
	objects = {

/* Begin PBXBuildFile section */
		5D132C9E2A097B0A00C10DF1 /* AuthDataResultModel.swift in Sources */ = {isa = PBXBuildFile; fileRef = 5D132C9D2A097B0A00C10DF1 /* AuthDataResultModel.swift */; };
		5D132CA02A097CC900C10DF1 /* GoogleSignInResultModel.swift in Sources */ = {isa = PBXBuildFile; fileRef = 5D132C9F2A097CC900C10DF1 /* GoogleSignInResultModel.swift */; };
		5D132CA22A097F3F00C10DF1 /* RootView.swift in Sources */ = {isa = PBXBuildFile; fileRef = 5D132CA12A097F3F00C10DF1 /* RootView.swift */; };
		5D132CA62A097FBF00C10DF1 /* HomeView.swift in Sources */ = {isa = PBXBuildFile; fileRef = 5D132CA52A097FBF00C10DF1 /* HomeView.swift */; };
		5D132CA92A09830100C10DF1 /* HomeViewModel.swift in Sources */ = {isa = PBXBuildFile; fileRef = 5D132CA82A09830100C10DF1 /* HomeViewModel.swift */; };
		5D840E352A05587C00E6EE04 /* GoogleService-Info.plist in Resources */ = {isa = PBXBuildFile; fileRef = 5D840E342A05587C00E6EE04 /* GoogleService-Info.plist */; };
		5D840E382A055A1C00E6EE04 /* FirebaseAnalytics in Frameworks */ = {isa = PBXBuildFile; productRef = 5D840E372A055A1C00E6EE04 /* FirebaseAnalytics */; };
		5D840E3A2A055A1C00E6EE04 /* FirebaseAnalyticsSwift in Frameworks */ = {isa = PBXBuildFile; productRef = 5D840E392A055A1C00E6EE04 /* FirebaseAnalyticsSwift */; };
		5D840E3D2A055AA600E6EE04 /* FirebaseAuth in Frameworks */ = {isa = PBXBuildFile; productRef = 5D840E3C2A055AA600E6EE04 /* FirebaseAuth */; };
		5D840E402A055ACC00E6EE04 /* GoogleSignIn in Frameworks */ = {isa = PBXBuildFile; productRef = 5D840E3F2A055ACC00E6EE04 /* GoogleSignIn */; };
		5D840E422A055ACC00E6EE04 /* GoogleSignInSwift in Frameworks */ = {isa = PBXBuildFile; productRef = 5D840E412A055ACC00E6EE04 /* GoogleSignInSwift */; };
		5D840E452A055DF500E6EE04 /* Utilities.swift in Sources */ = {isa = PBXBuildFile; fileRef = 5D840E442A055DF500E6EE04 /* Utilities.swift */; };
		5D840E4A2A055F7D00E6EE04 /* AuthenticaationViewModel.swift in Sources */ = {isa = PBXBuildFile; fileRef = 5D840E492A055F7D00E6EE04 /* AuthenticaationViewModel.swift */; };
		5D840E4C2A05601400E6EE04 /* AuthenticationManager.swift in Sources */ = {isa = PBXBuildFile; fileRef = 5D840E4B2A05601400E6EE04 /* AuthenticationManager.swift */; };
		5DB974BC2A044FAD0037A799 /* Hack_a_noteApp.swift in Sources */ = {isa = PBXBuildFile; fileRef = 5DB974BB2A044FAD0037A799 /* Hack_a_noteApp.swift */; };
		5DB974C02A044FAE0037A799 /* Assets.xcassets in Resources */ = {isa = PBXBuildFile; fileRef = 5DB974BF2A044FAE0037A799 /* Assets.xcassets */; };
		5DB974C32A044FAE0037A799 /* Preview Assets.xcassets in Resources */ = {isa = PBXBuildFile; fileRef = 5DB974C22A044FAE0037A799 /* Preview Assets.xcassets */; };
		5DB974CC2A0455900037A799 /* AuthenticationView.swift in Sources */ = {isa = PBXBuildFile; fileRef = 5DB974CB2A0455900037A799 /* AuthenticationView.swift */; };
		5DB974CF2A0456250037A799 /* Color.swift in Sources */ = {isa = PBXBuildFile; fileRef = 5DB974CE2A0456250037A799 /* Color.swift */; };
		5DB974D32A04583C0037A799 /* Illustrations.swift in Sources */ = {isa = PBXBuildFile; fileRef = 5DB974D22A04583C0037A799 /* Illustrations.swift */; };
/* End PBXBuildFile section */

/* Begin PBXFileReference section */
		5D132C9B2A09770300C10DF1 /* Info.plist */ = {isa = PBXFileReference; lastKnownFileType = text.plist.xml; path = Info.plist; sourceTree = "<group>"; };
		5D132C9D2A097B0A00C10DF1 /* AuthDataResultModel.swift */ = {isa = PBXFileReference; lastKnownFileType = sourcecode.swift; path = AuthDataResultModel.swift; sourceTree = "<group>"; };
		5D132C9F2A097CC900C10DF1 /* GoogleSignInResultModel.swift */ = {isa = PBXFileReference; lastKnownFileType = sourcecode.swift; path = GoogleSignInResultModel.swift; sourceTree = "<group>"; };
		5D132CA12A097F3F00C10DF1 /* RootView.swift */ = {isa = PBXFileReference; lastKnownFileType = sourcecode.swift; path = RootView.swift; sourceTree = "<group>"; };
		5D132CA52A097FBF00C10DF1 /* HomeView.swift */ = {isa = PBXFileReference; lastKnownFileType = sourcecode.swift; path = HomeView.swift; sourceTree = "<group>"; };
		5D132CA82A09830100C10DF1 /* HomeViewModel.swift */ = {isa = PBXFileReference; lastKnownFileType = sourcecode.swift; path = HomeViewModel.swift; sourceTree = "<group>"; };
		5D840E342A05587C00E6EE04 /* GoogleService-Info.plist */ = {isa = PBXFileReference; fileEncoding = 4; lastKnownFileType = text.plist.xml; path = "GoogleService-Info.plist"; sourceTree = "<group>"; };
		5D840E442A055DF500E6EE04 /* Utilities.swift */ = {isa = PBXFileReference; lastKnownFileType = sourcecode.swift; path = Utilities.swift; sourceTree = "<group>"; };
		5D840E492A055F7D00E6EE04 /* AuthenticaationViewModel.swift */ = {isa = PBXFileReference; lastKnownFileType = sourcecode.swift; path = AuthenticaationViewModel.swift; sourceTree = "<group>"; };
		5D840E4B2A05601400E6EE04 /* AuthenticationManager.swift */ = {isa = PBXFileReference; lastKnownFileType = sourcecode.swift; path = AuthenticationManager.swift; sourceTree = "<group>"; };
		5DB974B82A044FAD0037A799 /* Hack-a-note.app */ = {isa = PBXFileReference; explicitFileType = wrapper.application; includeInIndex = 0; path = "Hack-a-note.app"; sourceTree = BUILT_PRODUCTS_DIR; };
		5DB974BB2A044FAD0037A799 /* Hack_a_noteApp.swift */ = {isa = PBXFileReference; lastKnownFileType = sourcecode.swift; path = Hack_a_noteApp.swift; sourceTree = "<group>"; };
		5DB974BF2A044FAE0037A799 /* Assets.xcassets */ = {isa = PBXFileReference; lastKnownFileType = folder.assetcatalog; path = Assets.xcassets; sourceTree = "<group>"; };
		5DB974C22A044FAE0037A799 /* Preview Assets.xcassets */ = {isa = PBXFileReference; lastKnownFileType = folder.assetcatalog; path = "Preview Assets.xcassets"; sourceTree = "<group>"; };
		5DB974CB2A0455900037A799 /* AuthenticationView.swift */ = {isa = PBXFileReference; lastKnownFileType = sourcecode.swift; path = AuthenticationView.swift; sourceTree = "<group>"; };
		5DB974CE2A0456250037A799 /* Color.swift */ = {isa = PBXFileReference; lastKnownFileType = sourcecode.swift; path = Color.swift; sourceTree = "<group>"; };
		5DB974D22A04583C0037A799 /* Illustrations.swift */ = {isa = PBXFileReference; lastKnownFileType = sourcecode.swift; path = Illustrations.swift; sourceTree = "<group>"; };
/* End PBXFileReference section */

/* Begin PBXFrameworksBuildPhase section */
		5DB974B52A044FAD0037A799 /* Frameworks */ = {
			isa = PBXFrameworksBuildPhase;
			buildActionMask = 2147483647;
			files = (
				5D840E422A055ACC00E6EE04 /* GoogleSignInSwift in Frameworks */,
				5D840E3A2A055A1C00E6EE04 /* FirebaseAnalyticsSwift in Frameworks */,
				5D840E402A055ACC00E6EE04 /* GoogleSignIn in Frameworks */,
				5D840E3D2A055AA600E6EE04 /* FirebaseAuth in Frameworks */,
				5D840E382A055A1C00E6EE04 /* FirebaseAnalytics in Frameworks */,
			);
			runOnlyForDeploymentPostprocessing = 0;
		};
/* End PBXFrameworksBuildPhase section */

/* Begin PBXGroup section */
		5D132C9C2A097AF700C10DF1 /* Model */ = {
			isa = PBXGroup;
			children = (
				5D132C9D2A097B0A00C10DF1 /* AuthDataResultModel.swift */,
			);
			path = Model;
			sourceTree = "<group>";
		};
		5D132CA32A097FB100C10DF1 /* Home */ = {
			isa = PBXGroup;
			children = (
				5D132CA72A0982F500C10DF1 /* ViewModel */,
				5D132CA42A097FB700C10DF1 /* View */,
			);
			path = Home;
			sourceTree = "<group>";
		};
		5D132CA42A097FB700C10DF1 /* View */ = {
			isa = PBXGroup;
			children = (
				5D132CA52A097FBF00C10DF1 /* HomeView.swift */,
			);
			path = View;
			sourceTree = "<group>";
		};
		5D132CA72A0982F500C10DF1 /* ViewModel */ = {
			isa = PBXGroup;
			children = (
				5D132CA82A09830100C10DF1 /* HomeViewModel.swift */,
			);
			path = ViewModel;
			sourceTree = "<group>";
		};
		5D840E3B2A055AA600E6EE04 /* Frameworks */ = {
			isa = PBXGroup;
			children = (
				5D840E342A05587C00E6EE04 /* GoogleService-Info.plist */,
			);
			name = Frameworks;
			sourceTree = "<group>";
		};
		5D840E432A055DDF00E6EE04 /* Utilities */ = {
			isa = PBXGroup;
			children = (
				5D840E442A055DF500E6EE04 /* Utilities.swift */,
			);
			path = Utilities;
			sourceTree = "<group>";
		};
		5D840E462A055F4400E6EE04 /* Authentication */ = {
			isa = PBXGroup;
			children = (
				5D840E4B2A05601400E6EE04 /* AuthenticationManager.swift */,
				5D132C9F2A097CC900C10DF1 /* GoogleSignInResultModel.swift */,
			);
			path = Authentication;
			sourceTree = "<group>";
		};
		5D840E472A055F6800E6EE04 /* View */ = {
			isa = PBXGroup;
			children = (
				5DB974CB2A0455900037A799 /* AuthenticationView.swift */,
			);
			path = View;
			sourceTree = "<group>";
		};
		5D840E482A055F7100E6EE04 /* ViewModel */ = {
			isa = PBXGroup;
			children = (
				5D840E492A055F7D00E6EE04 /* AuthenticaationViewModel.swift */,
			);
			path = ViewModel;
			sourceTree = "<group>";
		};
		5DB974AF2A044FAD0037A799 = {
			isa = PBXGroup;
			children = (
				5DB974BB2A044FAD0037A799 /* Hack_a_noteApp.swift */,
				5D840E462A055F4400E6EE04 /* Authentication */,
				5D840E432A055DDF00E6EE04 /* Utilities */,
				5DB974BA2A044FAD0037A799 /* Hack-a-note */,
				5DB974B92A044FAD0037A799 /* Products */,
				5D840E3B2A055AA600E6EE04 /* Frameworks */,
			);
			sourceTree = "<group>";
		};
		5DB974B92A044FAD0037A799 /* Products */ = {
			isa = PBXGroup;
			children = (
				5DB974B82A044FAD0037A799 /* Hack-a-note.app */,
			);
			name = Products;
			sourceTree = "<group>";
		};
		5DB974BA2A044FAD0037A799 /* Hack-a-note */ = {
			isa = PBXGroup;
			children = (
				5D132C9B2A09770300C10DF1 /* Info.plist */,
				5DB974D12A04582E0037A799 /* Components */,
				5DB974CD2A0456190037A799 /* Extension */,
				5DB974C92A04556A0037A799 /* Core */,
				5DB974BF2A044FAE0037A799 /* Assets.xcassets */,
				5DB974C12A044FAE0037A799 /* Preview Content */,
			);
			path = "Hack-a-note";
			sourceTree = "<group>";
		};
		5DB974C12A044FAE0037A799 /* Preview Content */ = {
			isa = PBXGroup;
			children = (
				5DB974C22A044FAE0037A799 /* Preview Assets.xcassets */,
			);
			path = "Preview Content";
			sourceTree = "<group>";
		};
		5DB974C92A04556A0037A799 /* Core */ = {
			isa = PBXGroup;
			children = (
				5D132CA32A097FB100C10DF1 /* Home */,
				5DB974CA2A04557E0037A799 /* Authentication */,
				5D132CA12A097F3F00C10DF1 /* RootView.swift */,
			);
			path = Core;
			sourceTree = "<group>";
		};
		5DB974CA2A04557E0037A799 /* Authentication */ = {
			isa = PBXGroup;
			children = (
				5D132C9C2A097AF700C10DF1 /* Model */,
				5D840E482A055F7100E6EE04 /* ViewModel */,
				5D840E472A055F6800E6EE04 /* View */,
			);
			path = Authentication;
			sourceTree = "<group>";
		};
		5DB974CD2A0456190037A799 /* Extension */ = {
			isa = PBXGroup;
			children = (
				5DB974CE2A0456250037A799 /* Color.swift */,
			);
			path = Extension;
			sourceTree = "<group>";
		};
		5DB974D12A04582E0037A799 /* Components */ = {
			isa = PBXGroup;
			children = (
				5DB974D22A04583C0037A799 /* Illustrations.swift */,
			);
			path = Components;
			sourceTree = "<group>";
		};
/* End PBXGroup section */

/* Begin PBXNativeTarget section */
		5DB974B72A044FAD0037A799 /* Hack-a-note */ = {
			isa = PBXNativeTarget;
			buildConfigurationList = 5DB974C62A044FAE0037A799 /* Build configuration list for PBXNativeTarget "Hack-a-note" */;
			buildPhases = (
				5DB974B42A044FAD0037A799 /* Sources */,
				5DB974B52A044FAD0037A799 /* Frameworks */,
				5DB974B62A044FAD0037A799 /* Resources */,
			);
			buildRules = (
			);
			dependencies = (
			);
			name = "Hack-a-note";
			packageProductDependencies = (
				5D840E372A055A1C00E6EE04 /* FirebaseAnalytics */,
				5D840E392A055A1C00E6EE04 /* FirebaseAnalyticsSwift */,
				5D840E3C2A055AA600E6EE04 /* FirebaseAuth */,
				5D840E3F2A055ACC00E6EE04 /* GoogleSignIn */,
				5D840E412A055ACC00E6EE04 /* GoogleSignInSwift */,
			);
			productName = "Hack-a-note";
			productReference = 5DB974B82A044FAD0037A799 /* Hack-a-note.app */;
			productType = "com.apple.product-type.application";
		};
/* End PBXNativeTarget section */

/* Begin PBXProject section */
		5DB974B02A044FAD0037A799 /* Project object */ = {
			isa = PBXProject;
			attributes = {
				BuildIndependentTargetsInParallel = 1;
				LastSwiftUpdateCheck = 1420;
				LastUpgradeCheck = 1420;
				TargetAttributes = {
					5DB974B72A044FAD0037A799 = {
						CreatedOnToolsVersion = 14.2;
					};
				};
			};
			buildConfigurationList = 5DB974B32A044FAD0037A799 /* Build configuration list for PBXProject "Hack-a-note" */;
			compatibilityVersion = "Xcode 14.0";
			developmentRegion = en;
			hasScannedForEncodings = 0;
			knownRegions = (
				en,
				Base,
			);
			mainGroup = 5DB974AF2A044FAD0037A799;
			packageReferences = (
				5D840E362A055A1C00E6EE04 /* XCRemoteSwiftPackageReference "firebase-ios-sdk" */,
				5D840E3E2A055ACC00E6EE04 /* XCRemoteSwiftPackageReference "GoogleSignIn-iOS" */,
			);
			productRefGroup = 5DB974B92A044FAD0037A799 /* Products */;
			projectDirPath = "";
			projectRoot = "";
			targets = (
				5DB974B72A044FAD0037A799 /* Hack-a-note */,
			);
		};
/* End PBXProject section */

/* Begin PBXResourcesBuildPhase section */
		5DB974B62A044FAD0037A799 /* Resources */ = {
			isa = PBXResourcesBuildPhase;
			buildActionMask = 2147483647;
			files = (
				5DB974C32A044FAE0037A799 /* Preview Assets.xcassets in Resources */,
				5D840E352A05587C00E6EE04 /* GoogleService-Info.plist in Resources */,
				5DB974C02A044FAE0037A799 /* Assets.xcassets in Resources */,
			);
			runOnlyForDeploymentPostprocessing = 0;
		};
/* End PBXResourcesBuildPhase section */

/* Begin PBXSourcesBuildPhase section */
		5DB974B42A044FAD0037A799 /* Sources */ = {
			isa = PBXSourcesBuildPhase;
			buildActionMask = 2147483647;
			files = (
				5D132C9E2A097B0A00C10DF1 /* AuthDataResultModel.swift in Sources */,
				5DB974BC2A044FAD0037A799 /* Hack_a_noteApp.swift in Sources */,
				5DB974CC2A0455900037A799 /* AuthenticationView.swift in Sources */,
				5D840E4C2A05601400E6EE04 /* AuthenticationManager.swift in Sources */,
				5D132CA22A097F3F00C10DF1 /* RootView.swift in Sources */,
				5D132CA62A097FBF00C10DF1 /* HomeView.swift in Sources */,
				5D132CA02A097CC900C10DF1 /* GoogleSignInResultModel.swift in Sources */,
				5D132CA92A09830100C10DF1 /* HomeViewModel.swift in Sources */,
				5D840E4A2A055F7D00E6EE04 /* AuthenticaationViewModel.swift in Sources */,
				5DB974CF2A0456250037A799 /* Color.swift in Sources */,
				5D840E452A055DF500E6EE04 /* Utilities.swift in Sources */,
				5DB974D32A04583C0037A799 /* Illustrations.swift in Sources */,
			);
			runOnlyForDeploymentPostprocessing = 0;
		};
/* End PBXSourcesBuildPhase section */

/* Begin XCBuildConfiguration section */
		5DB974C42A044FAE0037A799 /* Debug */ = {
			isa = XCBuildConfiguration;
			buildSettings = {
				ALWAYS_SEARCH_USER_PATHS = NO;
				CLANG_ANALYZER_NONNULL = YES;
				CLANG_ANALYZER_NUMBER_OBJECT_CONVERSION = YES_AGGRESSIVE;
				CLANG_CXX_LANGUAGE_STANDARD = "gnu++20";
				CLANG_ENABLE_MODULES = YES;
				CLANG_ENABLE_OBJC_ARC = YES;
				CLANG_ENABLE_OBJC_WEAK = YES;
				CLANG_WARN_BLOCK_CAPTURE_AUTORELEASING = YES;
				CLANG_WARN_BOOL_CONVERSION = YES;
				CLANG_WARN_COMMA = YES;
				CLANG_WARN_CONSTANT_CONVERSION = YES;
				CLANG_WARN_DEPRECATED_OBJC_IMPLEMENTATIONS = YES;
				CLANG_WARN_DIRECT_OBJC_ISA_USAGE = YES_ERROR;
				CLANG_WARN_DOCUMENTATION_COMMENTS = YES;
				CLANG_WARN_EMPTY_BODY = YES;
				CLANG_WARN_ENUM_CONVERSION = YES;
				CLANG_WARN_INFINITE_RECURSION = YES;
				CLANG_WARN_INT_CONVERSION = YES;
				CLANG_WARN_NON_LITERAL_NULL_CONVERSION = YES;
				CLANG_WARN_OBJC_IMPLICIT_RETAIN_SELF = YES;
				CLANG_WARN_OBJC_LITERAL_CONVERSION = YES;
				CLANG_WARN_OBJC_ROOT_CLASS = YES_ERROR;
				CLANG_WARN_QUOTED_INCLUDE_IN_FRAMEWORK_HEADER = YES;
				CLANG_WARN_RANGE_LOOP_ANALYSIS = YES;
				CLANG_WARN_STRICT_PROTOTYPES = YES;
				CLANG_WARN_SUSPICIOUS_MOVE = YES;
				CLANG_WARN_UNGUARDED_AVAILABILITY = YES_AGGRESSIVE;
				CLANG_WARN_UNREACHABLE_CODE = YES;
				CLANG_WARN__DUPLICATE_METHOD_MATCH = YES;
				COPY_PHASE_STRIP = NO;
				DEBUG_INFORMATION_FORMAT = dwarf;
				ENABLE_STRICT_OBJC_MSGSEND = YES;
				ENABLE_TESTABILITY = YES;
				GCC_C_LANGUAGE_STANDARD = gnu11;
				GCC_DYNAMIC_NO_PIC = NO;
				GCC_NO_COMMON_BLOCKS = YES;
				GCC_OPTIMIZATION_LEVEL = 0;
				GCC_PREPROCESSOR_DEFINITIONS = (
					"DEBUG=1",
					"$(inherited)",
				);
				GCC_WARN_64_TO_32_BIT_CONVERSION = YES;
				GCC_WARN_ABOUT_RETURN_TYPE = YES_ERROR;
				GCC_WARN_UNDECLARED_SELECTOR = YES;
				GCC_WARN_UNINITIALIZED_AUTOS = YES_AGGRESSIVE;
				GCC_WARN_UNUSED_FUNCTION = YES;
				GCC_WARN_UNUSED_VARIABLE = YES;
				IPHONEOS_DEPLOYMENT_TARGET = 16.2;
				MTL_ENABLE_DEBUG_INFO = INCLUDE_SOURCE;
				MTL_FAST_MATH = YES;
				ONLY_ACTIVE_ARCH = YES;
				SDKROOT = iphoneos;
				SWIFT_ACTIVE_COMPILATION_CONDITIONS = DEBUG;
				SWIFT_OPTIMIZATION_LEVEL = "-Onone";
			};
			name = Debug;
		};
		5DB974C52A044FAE0037A799 /* Release */ = {
			isa = XCBuildConfiguration;
			buildSettings = {
				ALWAYS_SEARCH_USER_PATHS = NO;
				CLANG_ANALYZER_NONNULL = YES;
				CLANG_ANALYZER_NUMBER_OBJECT_CONVERSION = YES_AGGRESSIVE;
				CLANG_CXX_LANGUAGE_STANDARD = "gnu++20";
				CLANG_ENABLE_MODULES = YES;
				CLANG_ENABLE_OBJC_ARC = YES;
				CLANG_ENABLE_OBJC_WEAK = YES;
				CLANG_WARN_BLOCK_CAPTURE_AUTORELEASING = YES;
				CLANG_WARN_BOOL_CONVERSION = YES;
				CLANG_WARN_COMMA = YES;
				CLANG_WARN_CONSTANT_CONVERSION = YES;
				CLANG_WARN_DEPRECATED_OBJC_IMPLEMENTATIONS = YES;
				CLANG_WARN_DIRECT_OBJC_ISA_USAGE = YES_ERROR;
				CLANG_WARN_DOCUMENTATION_COMMENTS = YES;
				CLANG_WARN_EMPTY_BODY = YES;
				CLANG_WARN_ENUM_CONVERSION = YES;
				CLANG_WARN_INFINITE_RECURSION = YES;
				CLANG_WARN_INT_CONVERSION = YES;
				CLANG_WARN_NON_LITERAL_NULL_CONVERSION = YES;
				CLANG_WARN_OBJC_IMPLICIT_RETAIN_SELF = YES;
				CLANG_WARN_OBJC_LITERAL_CONVERSION = YES;
				CLANG_WARN_OBJC_ROOT_CLASS = YES_ERROR;
				CLANG_WARN_QUOTED_INCLUDE_IN_FRAMEWORK_HEADER = YES;
				CLANG_WARN_RANGE_LOOP_ANALYSIS = YES;
				CLANG_WARN_STRICT_PROTOTYPES = YES;
				CLANG_WARN_SUSPICIOUS_MOVE = YES;
				CLANG_WARN_UNGUARDED_AVAILABILITY = YES_AGGRESSIVE;
				CLANG_WARN_UNREACHABLE_CODE = YES;
				CLANG_WARN__DUPLICATE_METHOD_MATCH = YES;
				COPY_PHASE_STRIP = NO;
				DEBUG_INFORMATION_FORMAT = "dwarf-with-dsym";
				ENABLE_NS_ASSERTIONS = NO;
				ENABLE_STRICT_OBJC_MSGSEND = YES;
				GCC_C_LANGUAGE_STANDARD = gnu11;
				GCC_NO_COMMON_BLOCKS = YES;
				GCC_WARN_64_TO_32_BIT_CONVERSION = YES;
				GCC_WARN_ABOUT_RETURN_TYPE = YES_ERROR;
				GCC_WARN_UNDECLARED_SELECTOR = YES;
				GCC_WARN_UNINITIALIZED_AUTOS = YES_AGGRESSIVE;
				GCC_WARN_UNUSED_FUNCTION = YES;
				GCC_WARN_UNUSED_VARIABLE = YES;
				IPHONEOS_DEPLOYMENT_TARGET = 16.2;
				MTL_ENABLE_DEBUG_INFO = NO;
				MTL_FAST_MATH = YES;
				SDKROOT = iphoneos;
				SWIFT_COMPILATION_MODE = wholemodule;
				SWIFT_OPTIMIZATION_LEVEL = "-O";
				VALIDATE_PRODUCT = YES;
			};
			name = Release;
		};
		5DB974C72A044FAE0037A799 /* Debug */ = {
			isa = XCBuildConfiguration;
			buildSettings = {
				ASSETCATALOG_COMPILER_APPICON_NAME = AppIcon;
				ASSETCATALOG_COMPILER_GLOBAL_ACCENT_COLOR_NAME = AccentColor;
				CODE_SIGN_STYLE = Automatic;
				CURRENT_PROJECT_VERSION = 1;
				DEVELOPMENT_ASSET_PATHS = "\"Hack-a-note/Preview Content\"";
				DEVELOPMENT_TEAM = G4XLFMNW66;
				ENABLE_PREVIEWS = YES;
				GENERATE_INFOPLIST_FILE = YES;
				INFOPLIST_FILE = "Hack-a-note/Info.plist";
				INFOPLIST_KEY_UIApplicationSceneManifest_Generation = YES;
				INFOPLIST_KEY_UIApplicationSupportsIndirectInputEvents = YES;
				INFOPLIST_KEY_UILaunchScreen_Generation = YES;
				INFOPLIST_KEY_UISupportedInterfaceOrientations_iPad = "UIInterfaceOrientationPortrait UIInterfaceOrientationPortraitUpsideDown UIInterfaceOrientationLandscapeLeft UIInterfaceOrientationLandscapeRight";
				INFOPLIST_KEY_UISupportedInterfaceOrientations_iPhone = "UIInterfaceOrientationPortrait UIInterfaceOrientationLandscapeLeft UIInterfaceOrientationLandscapeRight";
				LD_RUNPATH_SEARCH_PATHS = (
					"$(inherited)",
					"@executable_path/Frameworks",
				);
				MARKETING_VERSION = 1.0;
				PRODUCT_BUNDLE_IDENTIFIER = "com.PrashannaR.Hack-a-note";
				PRODUCT_NAME = "$(TARGET_NAME)";
				SWIFT_EMIT_LOC_STRINGS = YES;
				SWIFT_VERSION = 5.0;
				TARGETED_DEVICE_FAMILY = "1,2";
			};
			name = Debug;
		};
		5DB974C82A044FAE0037A799 /* Release */ = {
			isa = XCBuildConfiguration;
			buildSettings = {
				ASSETCATALOG_COMPILER_APPICON_NAME = AppIcon;
				ASSETCATALOG_COMPILER_GLOBAL_ACCENT_COLOR_NAME = AccentColor;
				CODE_SIGN_STYLE = Automatic;
				CURRENT_PROJECT_VERSION = 1;
				DEVELOPMENT_ASSET_PATHS = "\"Hack-a-note/Preview Content\"";
				DEVELOPMENT_TEAM = G4XLFMNW66;
				ENABLE_PREVIEWS = YES;
				GENERATE_INFOPLIST_FILE = YES;
				INFOPLIST_FILE = "Hack-a-note/Info.plist";
				INFOPLIST_KEY_UIApplicationSceneManifest_Generation = YES;
				INFOPLIST_KEY_UIApplicationSupportsIndirectInputEvents = YES;
				INFOPLIST_KEY_UILaunchScreen_Generation = YES;
				INFOPLIST_KEY_UISupportedInterfaceOrientations_iPad = "UIInterfaceOrientationPortrait UIInterfaceOrientationPortraitUpsideDown UIInterfaceOrientationLandscapeLeft UIInterfaceOrientationLandscapeRight";
				INFOPLIST_KEY_UISupportedInterfaceOrientations_iPhone = "UIInterfaceOrientationPortrait UIInterfaceOrientationLandscapeLeft UIInterfaceOrientationLandscapeRight";
				LD_RUNPATH_SEARCH_PATHS = (
					"$(inherited)",
					"@executable_path/Frameworks",
				);
				MARKETING_VERSION = 1.0;
				PRODUCT_BUNDLE_IDENTIFIER = "com.PrashannaR.Hack-a-note";
				PRODUCT_NAME = "$(TARGET_NAME)";
				SWIFT_EMIT_LOC_STRINGS = YES;
				SWIFT_VERSION = 5.0;
				TARGETED_DEVICE_FAMILY = "1,2";
			};
			name = Release;
		};
/* End XCBuildConfiguration section */

/* Begin XCConfigurationList section */
		5DB974B32A044FAD0037A799 /* Build configuration list for PBXProject "Hack-a-note" */ = {
			isa = XCConfigurationList;
			buildConfigurations = (
				5DB974C42A044FAE0037A799 /* Debug */,
				5DB974C52A044FAE0037A799 /* Release */,
			);
			defaultConfigurationIsVisible = 0;
			defaultConfigurationName = Release;
		};
		5DB974C62A044FAE0037A799 /* Build configuration list for PBXNativeTarget "Hack-a-note" */ = {
			isa = XCConfigurationList;
			buildConfigurations = (
				5DB974C72A044FAE0037A799 /* Debug */,
				5DB974C82A044FAE0037A799 /* Release */,
			);
			defaultConfigurationIsVisible = 0;
			defaultConfigurationName = Release;
		};
/* End XCConfigurationList section */

/* Begin XCRemoteSwiftPackageReference section */
		5D840E362A055A1C00E6EE04 /* XCRemoteSwiftPackageReference "firebase-ios-sdk" */ = {
			isa = XCRemoteSwiftPackageReference;
			repositoryURL = "https://github.com/firebase/firebase-ios-sdk";
			requirement = {
				kind = upToNextMajorVersion;
				minimumVersion = 9.0.0;
			};
		};
		5D840E3E2A055ACC00E6EE04 /* XCRemoteSwiftPackageReference "GoogleSignIn-iOS" */ = {
			isa = XCRemoteSwiftPackageReference;
			repositoryURL = "https://github.com/google/GoogleSignIn-iOS.git";
			requirement = {
				branch = main;
				kind = branch;
			};
		};
/* End XCRemoteSwiftPackageReference section */

/* Begin XCSwiftPackageProductDependency section */
		5D840E372A055A1C00E6EE04 /* FirebaseAnalytics */ = {
			isa = XCSwiftPackageProductDependency;
			package = 5D840E362A055A1C00E6EE04 /* XCRemoteSwiftPackageReference "firebase-ios-sdk" */;
			productName = FirebaseAnalytics;
		};
		5D840E392A055A1C00E6EE04 /* FirebaseAnalyticsSwift */ = {
			isa = XCSwiftPackageProductDependency;
			package = 5D840E362A055A1C00E6EE04 /* XCRemoteSwiftPackageReference "firebase-ios-sdk" */;
			productName = FirebaseAnalyticsSwift;
		};
		5D840E3C2A055AA600E6EE04 /* FirebaseAuth */ = {
			isa = XCSwiftPackageProductDependency;
			package = 5D840E362A055A1C00E6EE04 /* XCRemoteSwiftPackageReference "firebase-ios-sdk" */;
			productName = FirebaseAuth;
		};
		5D840E3F2A055ACC00E6EE04 /* GoogleSignIn */ = {
			isa = XCSwiftPackageProductDependency;
			package = 5D840E3E2A055ACC00E6EE04 /* XCRemoteSwiftPackageReference "GoogleSignIn-iOS" */;
			productName = GoogleSignIn;
		};
		5D840E412A055ACC00E6EE04 /* GoogleSignInSwift */ = {
			isa = XCSwiftPackageProductDependency;
			package = 5D840E3E2A055ACC00E6EE04 /* XCRemoteSwiftPackageReference "GoogleSignIn-iOS" */;
			productName = GoogleSignInSwift;
		};
/* End XCSwiftPackageProductDependency section */
	};
	rootObject = 5DB974B02A044FAD0037A799 /* Project object */;
}
